// !$*UTF8*$!
{
	archiveVersion = 1;
	classes = {
	};
	objectVersion = 46;
	objects = {

/* Begin PBXBuildFile section */
		6675CDBB6054EBAA2D3A0F0C /* libPods.a in Frameworks */ = {isa = PBXBuildFile; fileRef = 04F536F9F2A527E03A449678 /* libPods.a */; };
		7E07CD441ADEDE3C0011151A /* OldTripOrdersTableViewController.m in Sources */ = {isa = PBXBuildFile; fileRef = 7E07CD411ADEDE3C0011151A /* OldTripOrdersTableViewController.m */; };
		7E07CD451ADEDE3C0011151A /* OldTripOrderTableViewCell.m in Sources */ = {isa = PBXBuildFile; fileRef = 7E07CD431ADEDE3C0011151A /* OldTripOrderTableViewCell.m */; };
		7E500DA81AA0E429008899FE /* PlaceOrderViewController.m in Sources */ = {isa = PBXBuildFile; fileRef = 7E500DA71AA0E429008899FE /* PlaceOrderViewController.m */; };
		7E513D4E1A8BD46F004D0505 /* NSDate+Helper.m in Sources */ = {isa = PBXBuildFile; fileRef = 7E513D4D1A8BD46F004D0505 /* NSDate+Helper.m */; };
		7E520F0D1AB74CCB00377298 /* MyTripTableViewCell.m in Sources */ = {isa = PBXBuildFile; fileRef = 7E520F0C1AB74CCB00377298 /* MyTripTableViewCell.m */; };
		7E5305AB1AA63451007E1C23 /* OrderListTableViewCell.m in Sources */ = {isa = PBXBuildFile; fileRef = 7E5305AA1AA63451007E1C23 /* OrderListTableViewCell.m */; };
		7E66CB191A9BABE3001D122D /* TripsListTableViewCell.m in Sources */ = {isa = PBXBuildFile; fileRef = 7E66CB181A9BABE3001D122D /* TripsListTableViewCell.m */; };
		7E6AD7001AA4E94400891AB6 /* OrdersListViewController.m in Sources */ = {isa = PBXBuildFile; fileRef = 7E6AD6FF1AA4E94400891AB6 /* OrdersListViewController.m */; };
		7E6AD7031AA4E94E00891AB6 /* OrderViewController.m in Sources */ = {isa = PBXBuildFile; fileRef = 7E6AD7021AA4E94E00891AB6 /* OrderViewController.m */; };
		7E6AD7061AA4E98000891AB6 /* MyTripsListViewController.m in Sources */ = {isa = PBXBuildFile; fileRef = 7E6AD7051AA4E98000891AB6 /* MyTripsListViewController.m */; };
		7E6AD7091AA4E98A00891AB6 /* MyTripViewController.m in Sources */ = {isa = PBXBuildFile; fileRef = 7E6AD7081AA4E98A00891AB6 /* MyTripViewController.m */; };
		7E6AD70C1AA4E99600891AB6 /* ProfileViewController.m in Sources */ = {isa = PBXBuildFile; fileRef = 7E6AD70B1AA4E99600891AB6 /* ProfileViewController.m */; };
		7E7403251AA8CE96009E3ED5 /* AddTripViewController.m in Sources */ = {isa = PBXBuildFile; fileRef = 7E7403241AA8CE96009E3ED5 /* AddTripViewController.m */; };
		7EA3ECD41B06F88700EB9FAF /* EditEmailViewController.m in Sources */ = {isa = PBXBuildFile; fileRef = 7EA3ECCF1B06F88700EB9FAF /* EditEmailViewController.m */; };
		7EA3ECD51B06F88700EB9FAF /* EditPasswordViewController.m in Sources */ = {isa = PBXBuildFile; fileRef = 7EA3ECD11B06F88700EB9FAF /* EditPasswordViewController.m */; };
		7EA3ECD61B06F88700EB9FAF /* EditPhoneViewController.m in Sources */ = {isa = PBXBuildFile; fileRef = 7EA3ECD31B06F88700EB9FAF /* EditPhoneViewController.m */; };
		7EA56FC51AB3536300D76077 /* EmptyTripViewController.m in Sources */ = {isa = PBXBuildFile; fileRef = 7EA56FC41AB3536300D76077 /* EmptyTripViewController.m */; };
		7EA56FC81AB3537300D76077 /* MyTripsListTableViewCell.m in Sources */ = {isa = PBXBuildFile; fileRef = 7EA56FC71AB3537300D76077 /* MyTripsListTableViewCell.m */; };
		9D3495381A8336E2007485BD /* TripsListViewController.m in Sources */ = {isa = PBXBuildFile; fileRef = 9D3495371A8336E2007485BD /* TripsListViewController.m */; };
		9D34953B1A833EBD007485BD /* WelcomeViewController.m in Sources */ = {isa = PBXBuildFile; fileRef = 9D34953A1A833EBD007485BD /* WelcomeViewController.m */; };
		9D43B39E1A81D9A8006B418C /* main.m in Sources */ = {isa = PBXBuildFile; fileRef = 9D43B39D1A81D9A8006B418C /* main.m */; };
		9D43B3A11A81D9A8006B418C /* AppDelegate.m in Sources */ = {isa = PBXBuildFile; fileRef = 9D43B3A01A81D9A8006B418C /* AppDelegate.m */; };
		9D43B3AC1A81D9A8006B418C /* Images.xcassets in Resources */ = {isa = PBXBuildFile; fileRef = 9D43B3AB1A81D9A8006B418C /* Images.xcassets */; };
		9D43B3AF1A81D9A8006B418C /* LaunchScreen.xib in Resources */ = {isa = PBXBuildFile; fileRef = 9D43B3AD1A81D9A8006B418C /* LaunchScreen.xib */; };
		9D43B3BB1A81D9A8006B418C /* WolverEatsTests.m in Sources */ = {isa = PBXBuildFile; fileRef = 9D43B3BA1A81D9A8006B418C /* WolverEatsTests.m */; };
		9D4FEABD1A8535DF0071F1BB /* NoConnectionViewController.m in Sources */ = {isa = PBXBuildFile; fileRef = 9D4FEABC1A8535DF0071F1BB /* NoConnectionViewController.m */; };
		9D581EC51A81DFB20013038E /* Backend.m in Sources */ = {isa = PBXBuildFile; fileRef = 9D581EC41A81DFB20013038E /* Backend.m */; };
		9D581ECB1A81EC020013038E /* LoadingViewController.m in Sources */ = {isa = PBXBuildFile; fileRef = 9D581ECA1A81EC020013038E /* LoadingViewController.m */; };
		9D581ECE1A81ECE10013038E /* LoginViewController.m in Sources */ = {isa = PBXBuildFile; fileRef = 9D581ECD1A81ECE10013038E /* LoginViewController.m */; };
		9D581ED11A81ECFA0013038E /* SignUpViewController.m in Sources */ = {isa = PBXBuildFile; fileRef = 9D581ED01A81ECFA0013038E /* SignUpViewController.m */; };
		9D99C4731A840F8F00431941 /* TripViewController.m in Sources */ = {isa = PBXBuildFile; fileRef = 9D99C4721A840F8F00431941 /* TripViewController.m */; };
/* End PBXBuildFile section */

/* Begin PBXContainerItemProxy section */
		9D43B3B51A81D9A8006B418C /* PBXContainerItemProxy */ = {
			isa = PBXContainerItemProxy;
			containerPortal = 9D43B3901A81D9A8006B418C /* Project object */;
			proxyType = 1;
			remoteGlobalIDString = 9D43B3971A81D9A8006B418C;
			remoteInfo = WolverEats;
		};
/* End PBXContainerItemProxy section */

/* Begin PBXFileReference section */
		04F536F9F2A527E03A449678 /* libPods.a */ = {isa = PBXFileReference; explicitFileType = archive.ar; includeInIndex = 0; path = libPods.a; sourceTree = BUILT_PRODUCTS_DIR; };
		0F8FAF5AADD157CC60B24D4B /* Pods.debug.xcconfig */ = {isa = PBXFileReference; includeInIndex = 1; lastKnownFileType = text.xcconfig; name = Pods.debug.xcconfig; path = "Pods/Target Support Files/Pods/Pods.debug.xcconfig"; sourceTree = "<group>"; };
		652AE12EE088D4AD6105D138 /* Pods.release.xcconfig */ = {isa = PBXFileReference; includeInIndex = 1; lastKnownFileType = text.xcconfig; name = Pods.release.xcconfig; path = "Pods/Target Support Files/Pods/Pods.release.xcconfig"; sourceTree = "<group>"; };
		7E07CD401ADEDE3C0011151A /* OldTripOrdersTableViewController.h */ = {isa = PBXFileReference; fileEncoding = 4; lastKnownFileType = sourcecode.c.h; lineEnding = 0; path = OldTripOrdersTableViewController.h; sourceTree = "<group>"; xcLanguageSpecificationIdentifier = xcode.lang.objcpp; };
		7E07CD411ADEDE3C0011151A /* OldTripOrdersTableViewController.m */ = {isa = PBXFileReference; fileEncoding = 4; lastKnownFileType = sourcecode.c.objc; lineEnding = 0; path = OldTripOrdersTableViewController.m; sourceTree = "<group>"; xcLanguageSpecificationIdentifier = xcode.lang.objc; };
		7E07CD421ADEDE3C0011151A /* OldTripOrderTableViewCell.h */ = {isa = PBXFileReference; fileEncoding = 4; lastKnownFileType = sourcecode.c.h; path = OldTripOrderTableViewCell.h; sourceTree = "<group>"; };
		7E07CD431ADEDE3C0011151A /* OldTripOrderTableViewCell.m */ = {isa = PBXFileReference; fileEncoding = 4; lastKnownFileType = sourcecode.c.objc; lineEnding = 0; path = OldTripOrderTableViewCell.m; sourceTree = "<group>"; xcLanguageSpecificationIdentifier = xcode.lang.objc; };
		7E500DA61AA0E429008899FE /* PlaceOrderViewController.h */ = {isa = PBXFileReference; fileEncoding = 4; lastKnownFileType = sourcecode.c.h; lineEnding = 0; path = PlaceOrderViewController.h; sourceTree = "<group>"; xcLanguageSpecificationIdentifier = xcode.lang.objcpp; };
		7E500DA71AA0E429008899FE /* PlaceOrderViewController.m */ = {isa = PBXFileReference; fileEncoding = 4; lastKnownFileType = sourcecode.c.objc; lineEnding = 0; path = PlaceOrderViewController.m; sourceTree = "<group>"; xcLanguageSpecificationIdentifier = xcode.lang.objc; };
		7E513D4C1A8BD46F004D0505 /* NSDate+Helper.h */ = {isa = PBXFileReference; fileEncoding = 4; lastKnownFileType = sourcecode.c.h; path = "NSDate+Helper.h"; sourceTree = "<group>"; };
		7E513D4D1A8BD46F004D0505 /* NSDate+Helper.m */ = {isa = PBXFileReference; fileEncoding = 4; lastKnownFileType = sourcecode.c.objc; path = "NSDate+Helper.m"; sourceTree = "<group>"; };
		7E520F0B1AB74CCB00377298 /* MyTripTableViewCell.h */ = {isa = PBXFileReference; fileEncoding = 4; lastKnownFileType = sourcecode.c.h; path = MyTripTableViewCell.h; sourceTree = "<group>"; };
		7E520F0C1AB74CCB00377298 /* MyTripTableViewCell.m */ = {isa = PBXFileReference; fileEncoding = 4; lastKnownFileType = sourcecode.c.objc; path = MyTripTableViewCell.m; sourceTree = "<group>"; };
		7E5305A91AA63451007E1C23 /* OrderListTableViewCell.h */ = {isa = PBXFileReference; fileEncoding = 4; lastKnownFileType = sourcecode.c.h; lineEnding = 0; path = OrderListTableViewCell.h; sourceTree = "<group>"; xcLanguageSpecificationIdentifier = xcode.lang.objcpp; };
		7E5305AA1AA63451007E1C23 /* OrderListTableViewCell.m */ = {isa = PBXFileReference; fileEncoding = 4; lastKnownFileType = sourcecode.c.objc; lineEnding = 0; path = OrderListTableViewCell.m; sourceTree = "<group>"; xcLanguageSpecificationIdentifier = xcode.lang.objc; };
		7E66CB171A9BABE3001D122D /* TripsListTableViewCell.h */ = {isa = PBXFileReference; fileEncoding = 4; lastKnownFileType = sourcecode.c.h; lineEnding = 0; path = TripsListTableViewCell.h; sourceTree = "<group>"; xcLanguageSpecificationIdentifier = xcode.lang.objcpp; };
		7E66CB181A9BABE3001D122D /* TripsListTableViewCell.m */ = {isa = PBXFileReference; fileEncoding = 4; lastKnownFileType = sourcecode.c.objc; lineEnding = 0; path = TripsListTableViewCell.m; sourceTree = "<group>"; xcLanguageSpecificationIdentifier = xcode.lang.objc; };
		7E6AD6FE1AA4E94400891AB6 /* OrdersListViewController.h */ = {isa = PBXFileReference; fileEncoding = 4; lastKnownFileType = sourcecode.c.h; lineEnding = 0; path = OrdersListViewController.h; sourceTree = "<group>"; xcLanguageSpecificationIdentifier = xcode.lang.objcpp; };
		7E6AD6FF1AA4E94400891AB6 /* OrdersListViewController.m */ = {isa = PBXFileReference; fileEncoding = 4; lastKnownFileType = sourcecode.c.objc; lineEnding = 0; path = OrdersListViewController.m; sourceTree = "<group>"; xcLanguageSpecificationIdentifier = xcode.lang.objc; };
		7E6AD7011AA4E94E00891AB6 /* OrderViewController.h */ = {isa = PBXFileReference; fileEncoding = 4; lastKnownFileType = sourcecode.c.h; lineEnding = 0; path = OrderViewController.h; sourceTree = "<group>"; xcLanguageSpecificationIdentifier = xcode.lang.objcpp; };
		7E6AD7021AA4E94E00891AB6 /* OrderViewController.m */ = {isa = PBXFileReference; fileEncoding = 4; lastKnownFileType = sourcecode.c.objc; lineEnding = 0; path = OrderViewController.m; sourceTree = "<group>"; xcLanguageSpecificationIdentifier = xcode.lang.objc; };
		7E6AD7041AA4E98000891AB6 /* MyTripsListViewController.h */ = {isa = PBXFileReference; fileEncoding = 4; lastKnownFileType = sourcecode.c.h; lineEnding = 0; path = MyTripsListViewController.h; sourceTree = "<group>"; xcLanguageSpecificationIdentifier = xcode.lang.objcpp; };
		7E6AD7051AA4E98000891AB6 /* MyTripsListViewController.m */ = {isa = PBXFileReference; fileEncoding = 4; lastKnownFileType = sourcecode.c.objc; path = MyTripsListViewController.m; sourceTree = "<group>"; };
		7E6AD7071AA4E98A00891AB6 /* MyTripViewController.h */ = {isa = PBXFileReference; fileEncoding = 4; lastKnownFileType = sourcecode.c.h; path = MyTripViewController.h; sourceTree = "<group>"; };
		7E6AD7081AA4E98A00891AB6 /* MyTripViewController.m */ = {isa = PBXFileReference; fileEncoding = 4; lastKnownFileType = sourcecode.c.objc; path = MyTripViewController.m; sourceTree = "<group>"; };
		7E6AD70A1AA4E99600891AB6 /* ProfileViewController.h */ = {isa = PBXFileReference; fileEncoding = 4; lastKnownFileType = sourcecode.c.h; lineEnding = 0; path = ProfileViewController.h; sourceTree = "<group>"; xcLanguageSpecificationIdentifier = xcode.lang.objcpp; };
		7E6AD70B1AA4E99600891AB6 /* ProfileViewController.m */ = {isa = PBXFileReference; fileEncoding = 4; lastKnownFileType = sourcecode.c.objc; lineEnding = 0; path = ProfileViewController.m; sourceTree = "<group>"; xcLanguageSpecificationIdentifier = xcode.lang.objc; };
		7E7403231AA8CE96009E3ED5 /* AddTripViewController.h */ = {isa = PBXFileReference; fileEncoding = 4; lastKnownFileType = sourcecode.c.h; lineEnding = 0; path = AddTripViewController.h; sourceTree = "<group>"; xcLanguageSpecificationIdentifier = xcode.lang.objcpp; };
		7E7403241AA8CE96009E3ED5 /* AddTripViewController.m */ = {isa = PBXFileReference; fileEncoding = 4; lastKnownFileType = sourcecode.c.objc; lineEnding = 0; path = AddTripViewController.m; sourceTree = "<group>"; xcLanguageSpecificationIdentifier = xcode.lang.objc; };
		7EA3ECCE1B06F88700EB9FAF /* EditEmailViewController.h */ = {isa = PBXFileReference; fileEncoding = 4; lastKnownFileType = sourcecode.c.h; lineEnding = 0; path = EditEmailViewController.h; sourceTree = "<group>"; xcLanguageSpecificationIdentifier = xcode.lang.objcpp; };
		7EA3ECCF1B06F88700EB9FAF /* EditEmailViewController.m */ = {isa = PBXFileReference; fileEncoding = 4; lastKnownFileType = sourcecode.c.objc; lineEnding = 0; path = EditEmailViewController.m; sourceTree = "<group>"; xcLanguageSpecificationIdentifier = xcode.lang.objc; };
		7EA3ECD01B06F88700EB9FAF /* EditPasswordViewController.h */ = {isa = PBXFileReference; fileEncoding = 4; lastKnownFileType = sourcecode.c.h; lineEnding = 0; path = EditPasswordViewController.h; sourceTree = "<group>"; xcLanguageSpecificationIdentifier = xcode.lang.objcpp; };
		7EA3ECD11B06F88700EB9FAF /* EditPasswordViewController.m */ = {isa = PBXFileReference; fileEncoding = 4; lastKnownFileType = sourcecode.c.objc; lineEnding = 0; path = EditPasswordViewController.m; sourceTree = "<group>"; xcLanguageSpecificationIdentifier = xcode.lang.objc; };
		7EA3ECD21B06F88700EB9FAF /* EditPhoneViewController.h */ = {isa = PBXFileReference; fileEncoding = 4; lastKnownFileType = sourcecode.c.h; lineEnding = 0; path = EditPhoneViewController.h; sourceTree = "<group>"; xcLanguageSpecificationIdentifier = xcode.lang.objcpp; };
		7EA3ECD31B06F88700EB9FAF /* EditPhoneViewController.m */ = {isa = PBXFileReference; fileEncoding = 4; lastKnownFileType = sourcecode.c.objc; lineEnding = 0; path = EditPhoneViewController.m; sourceTree = "<group>"; xcLanguageSpecificationIdentifier = xcode.lang.objc; };
		7EA56FC31AB3536300D76077 /* EmptyTripViewController.h */ = {isa = PBXFileReference; fileEncoding = 4; lastKnownFileType = sourcecode.c.h; lineEnding = 0; path = EmptyTripViewController.h; sourceTree = "<group>"; xcLanguageSpecificationIdentifier = xcode.lang.objcpp; };
		7EA56FC41AB3536300D76077 /* EmptyTripViewController.m */ = {isa = PBXFileReference; fileEncoding = 4; lastKnownFileType = sourcecode.c.objc; lineEnding = 0; path = EmptyTripViewController.m; sourceTree = "<group>"; xcLanguageSpecificationIdentifier = xcode.lang.objc; };
		7EA56FC61AB3537300D76077 /* MyTripsListTableViewCell.h */ = {isa = PBXFileReference; fileEncoding = 4; lastKnownFileType = sourcecode.c.h; lineEnding = 0; path = MyTripsListTableViewCell.h; sourceTree = "<group>"; xcLanguageSpecificationIdentifier = xcode.lang.objcpp; };
		7EA56FC71AB3537300D76077 /* MyTripsListTableViewCell.m */ = {isa = PBXFileReference; fileEncoding = 4; lastKnownFileType = sourcecode.c.objc; lineEnding = 0; path = MyTripsListTableViewCell.m; sourceTree = "<group>"; xcLanguageSpecificationIdentifier = xcode.lang.objc; };
		9D3495361A8336E2007485BD /* TripsListViewController.h */ = {isa = PBXFileReference; fileEncoding = 4; lastKnownFileType = sourcecode.c.h; lineEnding = 0; name = TripsListViewController.h; path = Classes/TripsListViewController.h; sourceTree = "<group>"; xcLanguageSpecificationIdentifier = xcode.lang.objcpp; };
		9D3495371A8336E2007485BD /* TripsListViewController.m */ = {isa = PBXFileReference; fileEncoding = 4; lastKnownFileType = sourcecode.c.objc; lineEnding = 0; name = TripsListViewController.m; path = Classes/TripsListViewController.m; sourceTree = "<group>"; xcLanguageSpecificationIdentifier = xcode.lang.objc; };
		9D3495391A833EBD007485BD /* WelcomeViewController.h */ = {isa = PBXFileReference; fileEncoding = 4; lastKnownFileType = sourcecode.c.h; path = WelcomeViewController.h; sourceTree = "<group>"; };
		9D34953A1A833EBD007485BD /* WelcomeViewController.m */ = {isa = PBXFileReference; fileEncoding = 4; lastKnownFileType = sourcecode.c.objc; path = WelcomeViewController.m; sourceTree = "<group>"; };
		9D43B3981A81D9A8006B418C /* WolverEats.app */ = {isa = PBXFileReference; explicitFileType = wrapper.application; includeInIndex = 0; path = WolverEats.app; sourceTree = BUILT_PRODUCTS_DIR; };
		9D43B39C1A81D9A8006B418C /* Info.plist */ = {isa = PBXFileReference; lastKnownFileType = text.plist.xml; path = Info.plist; sourceTree = "<group>"; };
		9D43B39D1A81D9A8006B418C /* main.m */ = {isa = PBXFileReference; lastKnownFileType = sourcecode.c.objc; lineEnding = 0; path = main.m; sourceTree = "<group>"; xcLanguageSpecificationIdentifier = xcode.lang.objc; };
		9D43B39F1A81D9A8006B418C /* AppDelegate.h */ = {isa = PBXFileReference; lastKnownFileType = sourcecode.c.h; lineEnding = 0; path = AppDelegate.h; sourceTree = "<group>"; xcLanguageSpecificationIdentifier = xcode.lang.objcpp; };
		9D43B3A01A81D9A8006B418C /* AppDelegate.m */ = {isa = PBXFileReference; lastKnownFileType = sourcecode.c.objc; lineEnding = 0; path = AppDelegate.m; sourceTree = "<group>"; xcLanguageSpecificationIdentifier = xcode.lang.objc; };
		9D43B3AB1A81D9A8006B418C /* Images.xcassets */ = {isa = PBXFileReference; lastKnownFileType = folder.assetcatalog; path = Images.xcassets; sourceTree = "<group>"; };
		9D43B3AE1A81D9A8006B418C /* Base */ = {isa = PBXFileReference; lastKnownFileType = file.xib; name = Base; path = Base.lproj/LaunchScreen.xib; sourceTree = "<group>"; };
		9D43B3B41A81D9A8006B418C /* WolverEatsTests.xctest */ = {isa = PBXFileReference; explicitFileType = wrapper.cfbundle; includeInIndex = 0; path = WolverEatsTests.xctest; sourceTree = BUILT_PRODUCTS_DIR; };
		9D43B3B91A81D9A8006B418C /* Info.plist */ = {isa = PBXFileReference; lastKnownFileType = text.plist.xml; path = Info.plist; sourceTree = "<group>"; };
		9D43B3BA1A81D9A8006B418C /* WolverEatsTests.m */ = {isa = PBXFileReference; lastKnownFileType = sourcecode.c.objc; path = WolverEatsTests.m; sourceTree = "<group>"; };
		9D4FEABB1A8535DF0071F1BB /* NoConnectionViewController.h */ = {isa = PBXFileReference; fileEncoding = 4; lastKnownFileType = sourcecode.c.h; name = NoConnectionViewController.h; path = Classes/NoConnectionViewController.h; sourceTree = "<group>"; };
		9D4FEABC1A8535DF0071F1BB /* NoConnectionViewController.m */ = {isa = PBXFileReference; fileEncoding = 4; lastKnownFileType = sourcecode.c.objc; lineEnding = 0; name = NoConnectionViewController.m; path = Classes/NoConnectionViewController.m; sourceTree = "<group>"; xcLanguageSpecificationIdentifier = xcode.lang.objc; };
		9D581EC31A81DFB20013038E /* Backend.h */ = {isa = PBXFileReference; fileEncoding = 4; lastKnownFileType = sourcecode.c.h; lineEnding = 0; name = Backend.h; path = Classes/Backend.h; sourceTree = "<group>"; xcLanguageSpecificationIdentifier = xcode.lang.objcpp; };
		9D581EC41A81DFB20013038E /* Backend.m */ = {isa = PBXFileReference; fileEncoding = 4; lastKnownFileType = sourcecode.c.objc; lineEnding = 0; name = Backend.m; path = Classes/Backend.m; sourceTree = "<group>"; xcLanguageSpecificationIdentifier = xcode.lang.objc; };
		9D581EC91A81EC020013038E /* LoadingViewController.h */ = {isa = PBXFileReference; fileEncoding = 4; lastKnownFileType = sourcecode.c.h; lineEnding = 0; name = LoadingViewController.h; path = Classes/LoadingViewController.h; sourceTree = "<group>"; xcLanguageSpecificationIdentifier = xcode.lang.objcpp; };
		9D581ECA1A81EC020013038E /* LoadingViewController.m */ = {isa = PBXFileReference; fileEncoding = 4; lastKnownFileType = sourcecode.c.objc; lineEnding = 0; name = LoadingViewController.m; path = Classes/LoadingViewController.m; sourceTree = "<group>"; xcLanguageSpecificationIdentifier = xcode.lang.objc; };
		9D581ECC1A81ECE10013038E /* LoginViewController.h */ = {isa = PBXFileReference; fileEncoding = 4; lastKnownFileType = sourcecode.c.h; name = LoginViewController.h; path = Classes/LoginViewController.h; sourceTree = "<group>"; };
		9D581ECD1A81ECE10013038E /* LoginViewController.m */ = {isa = PBXFileReference; fileEncoding = 4; lastKnownFileType = sourcecode.c.objc; lineEnding = 0; name = LoginViewController.m; path = Classes/LoginViewController.m; sourceTree = "<group>"; xcLanguageSpecificationIdentifier = xcode.lang.objc; };
		9D581ECF1A81ECFA0013038E /* SignUpViewController.h */ = {isa = PBXFileReference; fileEncoding = 4; lastKnownFileType = sourcecode.c.h; lineEnding = 0; name = SignUpViewController.h; path = Classes/SignUpViewController.h; sourceTree = "<group>"; xcLanguageSpecificationIdentifier = xcode.lang.objcpp; };
		9D581ED01A81ECFA0013038E /* SignUpViewController.m */ = {isa = PBXFileReference; fileEncoding = 4; lastKnownFileType = sourcecode.c.objc; lineEnding = 0; name = SignUpViewController.m; path = Classes/SignUpViewController.m; sourceTree = "<group>"; xcLanguageSpecificationIdentifier = xcode.lang.objc; };
		9D99C4711A840F8F00431941 /* TripViewController.h */ = {isa = PBXFileReference; fileEncoding = 4; lastKnownFileType = sourcecode.c.h; lineEnding = 0; path = TripViewController.h; sourceTree = "<group>"; xcLanguageSpecificationIdentifier = xcode.lang.objcpp; };
		9D99C4721A840F8F00431941 /* TripViewController.m */ = {isa = PBXFileReference; fileEncoding = 4; lastKnownFileType = sourcecode.c.objc; lineEnding = 0; path = TripViewController.m; sourceTree = "<group>"; xcLanguageSpecificationIdentifier = xcode.lang.objc; };
/* End PBXFileReference section */

/* Begin PBXFrameworksBuildPhase section */
		9D43B3951A81D9A8006B418C /* Frameworks */ = {
			isa = PBXFrameworksBuildPhase;
			buildActionMask = 2147483647;
			files = (
				6675CDBB6054EBAA2D3A0F0C /* libPods.a in Frameworks */,
			);
			runOnlyForDeploymentPostprocessing = 0;
		};
		9D43B3B11A81D9A8006B418C /* Frameworks */ = {
			isa = PBXFrameworksBuildPhase;
			buildActionMask = 2147483647;
			files = (
			);
			runOnlyForDeploymentPostprocessing = 0;
		};
/* End PBXFrameworksBuildPhase section */

/* Begin PBXGroup section */
		594E02BF31F05B483D270E44 /* Pods */ = {
			isa = PBXGroup;
			children = (
				0F8FAF5AADD157CC60B24D4B /* Pods.debug.xcconfig */,
				652AE12EE088D4AD6105D138 /* Pods.release.xcconfig */,
			);
			name = Pods;
			path = ..;
			sourceTree = "<group>";
		};
		7E39841A1AB671F9008B7D58 /* Trips */ = {
			isa = PBXGroup;
			children = (
				7E7403231AA8CE96009E3ED5 /* AddTripViewController.h */,
				7E7403241AA8CE96009E3ED5 /* AddTripViewController.m */,
				9D3495361A8336E2007485BD /* TripsListViewController.h */,
				9D3495371A8336E2007485BD /* TripsListViewController.m */,
				7E66CB171A9BABE3001D122D /* TripsListTableViewCell.h */,
				7E66CB181A9BABE3001D122D /* TripsListTableViewCell.m */,
				9D99C4711A840F8F00431941 /* TripViewController.h */,
				9D99C4721A840F8F00431941 /* TripViewController.m */,
				7E500DA61AA0E429008899FE /* PlaceOrderViewController.h */,
				7E500DA71AA0E429008899FE /* PlaceOrderViewController.m */,
				7EA56FC31AB3536300D76077 /* EmptyTripViewController.h */,
				7EA56FC41AB3536300D76077 /* EmptyTripViewController.m */,
			);
			name = Trips;
			sourceTree = "<group>";
		};
		7E39841B1AB67203008B7D58 /* My Trips */ = {
			isa = PBXGroup;
			children = (
				7E6AD7041AA4E98000891AB6 /* MyTripsListViewController.h */,
				7E6AD7051AA4E98000891AB6 /* MyTripsListViewController.m */,
				7EA56FC61AB3537300D76077 /* MyTripsListTableViewCell.h */,
				7EA56FC71AB3537300D76077 /* MyTripsListTableViewCell.m */,
				7E6AD7071AA4E98A00891AB6 /* MyTripViewController.h */,
				7E6AD7081AA4E98A00891AB6 /* MyTripViewController.m */,
				7E520F0B1AB74CCB00377298 /* MyTripTableViewCell.h */,
				7E520F0C1AB74CCB00377298 /* MyTripTableViewCell.m */,
				7E07CD401ADEDE3C0011151A /* OldTripOrdersTableViewController.h */,
				7E07CD411ADEDE3C0011151A /* OldTripOrdersTableViewController.m */,
				7E07CD421ADEDE3C0011151A /* OldTripOrderTableViewCell.h */,
				7E07CD431ADEDE3C0011151A /* OldTripOrderTableViewCell.m */,
			);
			name = "My Trips";
			sourceTree = "<group>";
		};
		7E39841C1AB6720B008B7D58 /* Orders */ = {
			isa = PBXGroup;
			children = (
				7E6AD6FE1AA4E94400891AB6 /* OrdersListViewController.h */,
				7E6AD6FF1AA4E94400891AB6 /* OrdersListViewController.m */,
				7E5305A91AA63451007E1C23 /* OrderListTableViewCell.h */,
				7E5305AA1AA63451007E1C23 /* OrderListTableViewCell.m */,
				7E6AD7011AA4E94E00891AB6 /* OrderViewController.h */,
				7E6AD7021AA4E94E00891AB6 /* OrderViewController.m */,
			);
			name = Orders;
			sourceTree = "<group>";
		};
		7E39841D1AB67210008B7D58 /* Profile */ = {
			isa = PBXGroup;
			children = (
				7E6AD70A1AA4E99600891AB6 /* ProfileViewController.h */,
				7E6AD70B1AA4E99600891AB6 /* ProfileViewController.m */,
				7EA3ECCE1B06F88700EB9FAF /* EditEmailViewController.h */,
				7EA3ECCF1B06F88700EB9FAF /* EditEmailViewController.m */,
				7EA3ECD01B06F88700EB9FAF /* EditPasswordViewController.h */,
				7EA3ECD11B06F88700EB9FAF /* EditPasswordViewController.m */,
				7EA3ECD21B06F88700EB9FAF /* EditPhoneViewController.h */,
				7EA3ECD31B06F88700EB9FAF /* EditPhoneViewController.m */,
			);
			name = Profile;
			sourceTree = "<group>";
		};
		7E39841E1AB6722C008B7D58 /* Loading */ = {
			isa = PBXGroup;
			children = (
				9D581EC91A81EC020013038E /* LoadingViewController.h */,
				9D581ECA1A81EC020013038E /* LoadingViewController.m */,
				9D581ECC1A81ECE10013038E /* LoginViewController.h */,
				9D581ECD1A81ECE10013038E /* LoginViewController.m */,
				9D581ECF1A81ECFA0013038E /* SignUpViewController.h */,
				9D581ED01A81ECFA0013038E /* SignUpViewController.m */,
				9D3495391A833EBD007485BD /* WelcomeViewController.h */,
				9D34953A1A833EBD007485BD /* WelcomeViewController.m */,
				9D4FEABB1A8535DF0071F1BB /* NoConnectionViewController.h */,
				9D4FEABC1A8535DF0071F1BB /* NoConnectionViewController.m */,
			);
			name = Loading;
			sourceTree = "<group>";
		};
		7E3BC0621A8BD45400F52D75 /* Libraries */ = {
			isa = PBXGroup;
			children = (
				7E513D4C1A8BD46F004D0505 /* NSDate+Helper.h */,
				7E513D4D1A8BD46F004D0505 /* NSDate+Helper.m */,
			);
			name = Libraries;
			sourceTree = "<group>";
		};
		9D43B38F1A81D9A8006B418C = {
			isa = PBXGroup;
			children = (
				9D43B39A1A81D9A8006B418C /* WolverEats */,
				9D43B3B71A81D9A8006B418C /* WolverEatsTests */,
				9D43B3991A81D9A8006B418C /* Products */,
				B1FABF83039DC021316811A2 /* Frameworks */,
			);
			sourceTree = "<group>";
		};
		9D43B3991A81D9A8006B418C /* Products */ = {
			isa = PBXGroup;
			children = (
				9D43B3981A81D9A8006B418C /* WolverEats.app */,
				9D43B3B41A81D9A8006B418C /* WolverEatsTests.xctest */,
			);
			name = Products;
			sourceTree = "<group>";
		};
		9D43B39A1A81D9A8006B418C /* WolverEats */ = {
			isa = PBXGroup;
			children = (
				7E3BC0621A8BD45400F52D75 /* Libraries */,
				9D581EC61A81EBB00013038E /* Main */,
				9D43B3C41A81DCFD006B418C /* Networking */,
				9D43B39F1A81D9A8006B418C /* AppDelegate.h */,
				9D43B3A01A81D9A8006B418C /* AppDelegate.m */,
				9D43B3AB1A81D9A8006B418C /* Images.xcassets */,
				9D43B3AD1A81D9A8006B418C /* LaunchScreen.xib */,
				9D43B39B1A81D9A8006B418C /* Supporting Files */,
			);
			path = WolverEats;
			sourceTree = "<group>";
		};
		9D43B39B1A81D9A8006B418C /* Supporting Files */ = {
			isa = PBXGroup;
			children = (
				9D43B39C1A81D9A8006B418C /* Info.plist */,
				9D43B39D1A81D9A8006B418C /* main.m */,
			);
			name = "Supporting Files";
			sourceTree = "<group>";
		};
		9D43B3B71A81D9A8006B418C /* WolverEatsTests */ = {
			isa = PBXGroup;
			children = (
				594E02BF31F05B483D270E44 /* Pods */,
				9D43B3BA1A81D9A8006B418C /* WolverEatsTests.m */,
				9D43B3B81A81D9A8006B418C /* Supporting Files */,
			);
			path = WolverEatsTests;
			sourceTree = "<group>";
		};
		9D43B3B81A81D9A8006B418C /* Supporting Files */ = {
			isa = PBXGroup;
			children = (
				9D43B3B91A81D9A8006B418C /* Info.plist */,
			);
			name = "Supporting Files";
			sourceTree = "<group>";
		};
		9D43B3C41A81DCFD006B418C /* Networking */ = {
			isa = PBXGroup;
			children = (
				9D581EC31A81DFB20013038E /* Backend.h */,
				9D581EC41A81DFB20013038E /* Backend.m */,
			);
			name = Networking;
			sourceTree = "<group>";
		};
		9D581EC61A81EBB00013038E /* Main */ = {
			isa = PBXGroup;
			children = (
				7E39841E1AB6722C008B7D58 /* Loading */,
				7E39841D1AB67210008B7D58 /* Profile */,
				7E39841C1AB6720B008B7D58 /* Orders */,
				7E39841B1AB67203008B7D58 /* My Trips */,
				7E39841A1AB671F9008B7D58 /* Trips */,
			);
			name = Main;
			sourceTree = "<group>";
		};
		B1FABF83039DC021316811A2 /* Frameworks */ = {
			isa = PBXGroup;
			children = (
				04F536F9F2A527E03A449678 /* libPods.a */,
			);
			name = Frameworks;
			sourceTree = "<group>";
		};
/* End PBXGroup section */

/* Begin PBXNativeTarget section */
		9D43B3971A81D9A8006B418C /* WolverEats */ = {
			isa = PBXNativeTarget;
			buildConfigurationList = 9D43B3BE1A81D9A8006B418C /* Build configuration list for PBXNativeTarget "WolverEats" */;
			buildPhases = (
				BF6D5BF857B57CD6DDAAAF31 /* Check Pods Manifest.lock */,
				9D43B3941A81D9A8006B418C /* Sources */,
				9D43B3951A81D9A8006B418C /* Frameworks */,
				9D43B3961A81D9A8006B418C /* Resources */,
				81F6EA6482965ED566548895 /* Copy Pods Resources */,
			);
			buildRules = (
			);
			dependencies = (
			);
			name = WolverEats;
			productName = WolverEats;
			productReference = 9D43B3981A81D9A8006B418C /* WolverEats.app */;
			productType = "com.apple.product-type.application";
		};
		9D43B3B31A81D9A8006B418C /* WolverEatsTests */ = {
			isa = PBXNativeTarget;
			buildConfigurationList = 9D43B3C11A81D9A8006B418C /* Build configuration list for PBXNativeTarget "WolverEatsTests" */;
			buildPhases = (
				9D43B3B01A81D9A8006B418C /* Sources */,
				9D43B3B11A81D9A8006B418C /* Frameworks */,
				9D43B3B21A81D9A8006B418C /* Resources */,
			);
			buildRules = (
			);
			dependencies = (
				9D43B3B61A81D9A8006B418C /* PBXTargetDependency */,
			);
			name = WolverEatsTests;
			productName = WolverEatsTests;
			productReference = 9D43B3B41A81D9A8006B418C /* WolverEatsTests.xctest */;
			productType = "com.apple.product-type.bundle.unit-test";
		};
/* End PBXNativeTarget section */

/* Begin PBXProject section */
		9D43B3901A81D9A8006B418C /* Project object */ = {
			isa = PBXProject;
			attributes = {
				LastUpgradeCheck = 0610;
				ORGANIZATIONNAME = "Cameron Cohen and Amelia Miller";
				TargetAttributes = {
					9D43B3971A81D9A8006B418C = {
						CreatedOnToolsVersion = 6.1.1;
						DevelopmentTeam = KNCM929FJ7;
					};
					9D43B3B31A81D9A8006B418C = {
						CreatedOnToolsVersion = 6.1.1;
						TestTargetID = 9D43B3971A81D9A8006B418C;
					};
				};
			};
			buildConfigurationList = 9D43B3931A81D9A8006B418C /* Build configuration list for PBXProject "WolverEats" */;
			compatibilityVersion = "Xcode 3.2";
			developmentRegion = English;
			hasScannedForEncodings = 0;
			knownRegions = (
				en,
				Base,
			);
			mainGroup = 9D43B38F1A81D9A8006B418C;
			productRefGroup = 9D43B3991A81D9A8006B418C /* Products */;
			projectDirPath = "";
			projectRoot = "";
			targets = (
				9D43B3971A81D9A8006B418C /* WolverEats */,
				9D43B3B31A81D9A8006B418C /* WolverEatsTests */,
			);
		};
/* End PBXProject section */

/* Begin PBXResourcesBuildPhase section */
		9D43B3961A81D9A8006B418C /* Resources */ = {
			isa = PBXResourcesBuildPhase;
			buildActionMask = 2147483647;
			files = (
				9D43B3AF1A81D9A8006B418C /* LaunchScreen.xib in Resources */,
				9D43B3AC1A81D9A8006B418C /* Images.xcassets in Resources */,
			);
			runOnlyForDeploymentPostprocessing = 0;
		};
		9D43B3B21A81D9A8006B418C /* Resources */ = {
			isa = PBXResourcesBuildPhase;
			buildActionMask = 2147483647;
			files = (
			);
			runOnlyForDeploymentPostprocessing = 0;
		};
/* End PBXResourcesBuildPhase section */

/* Begin PBXShellScriptBuildPhase section */
		81F6EA6482965ED566548895 /* Copy Pods Resources */ = {
			isa = PBXShellScriptBuildPhase;
			buildActionMask = 2147483647;
			files = (
			);
			inputPaths = (
			);
			name = "Copy Pods Resources";
			outputPaths = (
			);
			runOnlyForDeploymentPostprocessing = 0;
			shellPath = /bin/sh;
			shellScript = "\"${SRCROOT}/Pods/Target Support Files/Pods/Pods-resources.sh\"\n";
			showEnvVarsInLog = 0;
		};
		BF6D5BF857B57CD6DDAAAF31 /* Check Pods Manifest.lock */ = {
			isa = PBXShellScriptBuildPhase;
			buildActionMask = 2147483647;
			files = (
			);
			inputPaths = (
			);
			name = "Check Pods Manifest.lock";
			outputPaths = (
			);
			runOnlyForDeploymentPostprocessing = 0;
			shellPath = /bin/sh;
			shellScript = "diff \"${PODS_ROOT}/../Podfile.lock\" \"${PODS_ROOT}/Manifest.lock\" > /dev/null\nif [[ $? != 0 ]] ; then\n    cat << EOM\nerror: The sandbox is not in sync with the Podfile.lock. Run 'pod install' or update your CocoaPods installation.\nEOM\n    exit 1\nfi\n";
			showEnvVarsInLog = 0;
		};
/* End PBXShellScriptBuildPhase section */

/* Begin PBXSourcesBuildPhase section */
		9D43B3941A81D9A8006B418C /* Sources */ = {
			isa = PBXSourcesBuildPhase;
			buildActionMask = 2147483647;
			files = (
				9D581EC51A81DFB20013038E /* Backend.m in Sources */,
				7EA3ECD51B06F88700EB9FAF /* EditPasswordViewController.m in Sources */,
				7EA56FC51AB3536300D76077 /* EmptyTripViewController.m in Sources */,
				7E7403251AA8CE96009E3ED5 /* AddTripViewController.m in Sources */,
				9D3495381A8336E2007485BD /* TripsListViewController.m in Sources */,
				9D581ECB1A81EC020013038E /* LoadingViewController.m in Sources */,
				7E6AD7061AA4E98000891AB6 /* MyTripsListViewController.m in Sources */,
				9D99C4731A840F8F00431941 /* TripViewController.m in Sources */,
				9D43B3A11A81D9A8006B418C /* AppDelegate.m in Sources */,
				7E513D4E1A8BD46F004D0505 /* NSDate+Helper.m in Sources */,
				7E6AD7001AA4E94400891AB6 /* OrdersListViewController.m in Sources */,
				9D34953B1A833EBD007485BD /* WelcomeViewController.m in Sources */,
				7E07CD451ADEDE3C0011151A /* OldTripOrderTableViewCell.m in Sources */,
				9D581ECE1A81ECE10013038E /* LoginViewController.m in Sources */,
				7E6AD70C1AA4E99600891AB6 /* ProfileViewController.m in Sources */,
				7E07CD441ADEDE3C0011151A /* OldTripOrdersTableViewController.m in Sources */,
				7E500DA81AA0E429008899FE /* PlaceOrderViewController.m in Sources */,
				7E6AD7031AA4E94E00891AB6 /* OrderViewController.m in Sources */,
				7E5305AB1AA63451007E1C23 /* OrderListTableViewCell.m in Sources */,
				7EA3ECD61B06F88700EB9FAF /* EditPhoneViewController.m in Sources */,
				9D581ED11A81ECFA0013038E /* SignUpViewController.m in Sources */,
				7E66CB191A9BABE3001D122D /* TripsListTableViewCell.m in Sources */,
				7EA56FC81AB3537300D76077 /* MyTripsListTableViewCell.m in Sources */,
				7E6AD7091AA4E98A00891AB6 /* MyTripViewController.m in Sources */,
				7E520F0D1AB74CCB00377298 /* MyTripTableViewCell.m in Sources */,
				9D43B39E1A81D9A8006B418C /* main.m in Sources */,
				9D4FEABD1A8535DF0071F1BB /* NoConnectionViewController.m in Sources */,
				7EA3ECD41B06F88700EB9FAF /* EditEmailViewController.m in Sources */,
			);
			runOnlyForDeploymentPostprocessing = 0;
		};
		9D43B3B01A81D9A8006B418C /* Sources */ = {
			isa = PBXSourcesBuildPhase;
			buildActionMask = 2147483647;
			files = (
				9D43B3BB1A81D9A8006B418C /* WolverEatsTests.m in Sources */,
			);
			runOnlyForDeploymentPostprocessing = 0;
		};
/* End PBXSourcesBuildPhase section */

/* Begin PBXTargetDependency section */
		9D43B3B61A81D9A8006B418C /* PBXTargetDependency */ = {
			isa = PBXTargetDependency;
			target = 9D43B3971A81D9A8006B418C /* WolverEats */;
			targetProxy = 9D43B3B51A81D9A8006B418C /* PBXContainerItemProxy */;
		};
/* End PBXTargetDependency section */

/* Begin PBXVariantGroup section */
		9D43B3AD1A81D9A8006B418C /* LaunchScreen.xib */ = {
			isa = PBXVariantGroup;
			children = (
				9D43B3AE1A81D9A8006B418C /* Base */,
			);
			name = LaunchScreen.xib;
			sourceTree = "<group>";
		};
/* End PBXVariantGroup section */

/* Begin XCBuildConfiguration section */
		9D43B3BC1A81D9A8006B418C /* Debug */ = {
			isa = XCBuildConfiguration;
			buildSettings = {
				ALWAYS_SEARCH_USER_PATHS = NO;
				CLANG_CXX_LANGUAGE_STANDARD = "gnu++0x";
				CLANG_CXX_LIBRARY = "libc++";
				CLANG_ENABLE_MODULES = YES;
				CLANG_ENABLE_OBJC_ARC = YES;
				CLANG_WARN_BOOL_CONVERSION = YES;
				CLANG_WARN_CONSTANT_CONVERSION = YES;
				CLANG_WARN_DIRECT_OBJC_ISA_USAGE = YES_ERROR;
				CLANG_WARN_EMPTY_BODY = YES;
				CLANG_WARN_ENUM_CONVERSION = YES;
				CLANG_WARN_INT_CONVERSION = YES;
				CLANG_WARN_OBJC_ROOT_CLASS = YES_ERROR;
				CLANG_WARN_UNREACHABLE_CODE = YES;
				CLANG_WARN__DUPLICATE_METHOD_MATCH = YES;
				"CODE_SIGN_IDENTITY[sdk=iphoneos*]" = "iPhone Developer";
				COPY_PHASE_STRIP = NO;
				ENABLE_STRICT_OBJC_MSGSEND = YES;
				GCC_C_LANGUAGE_STANDARD = gnu99;
				GCC_DYNAMIC_NO_PIC = NO;
				GCC_OPTIMIZATION_LEVEL = 0;
				GCC_PREPROCESSOR_DEFINITIONS = (
					"DEBUG=1",
					"$(inherited)",
				);
				GCC_SYMBOLS_PRIVATE_EXTERN = NO;
				GCC_WARN_64_TO_32_BIT_CONVERSION = YES;
				GCC_WARN_ABOUT_RETURN_TYPE = YES_ERROR;
				GCC_WARN_UNDECLARED_SELECTOR = YES;
				GCC_WARN_UNINITIALIZED_AUTOS = YES_AGGRESSIVE;
				GCC_WARN_UNUSED_FUNCTION = YES;
				GCC_WARN_UNUSED_VARIABLE = YES;
				IPHONEOS_DEPLOYMENT_TARGET = 8.1;
				MTL_ENABLE_DEBUG_INFO = YES;
				ONLY_ACTIVE_ARCH = YES;
				SDKROOT = iphoneos;
				TARGETED_DEVICE_FAMILY = "1,2";
			};
			name = Debug;
		};
		9D43B3BD1A81D9A8006B418C /* Release */ = {
			isa = XCBuildConfiguration;
			buildSettings = {
				ALWAYS_SEARCH_USER_PATHS = NO;
				CLANG_CXX_LANGUAGE_STANDARD = "gnu++0x";
				CLANG_CXX_LIBRARY = "libc++";
				CLANG_ENABLE_MODULES = YES;
				CLANG_ENABLE_OBJC_ARC = YES;
				CLANG_WARN_BOOL_CONVERSION = YES;
				CLANG_WARN_CONSTANT_CONVERSION = YES;
				CLANG_WARN_DIRECT_OBJC_ISA_USAGE = YES_ERROR;
				CLANG_WARN_EMPTY_BODY = YES;
				CLANG_WARN_ENUM_CONVERSION = YES;
				CLANG_WARN_INT_CONVERSION = YES;
				CLANG_WARN_OBJC_ROOT_CLASS = YES_ERROR;
				CLANG_WARN_UNREACHABLE_CODE = YES;
				CLANG_WARN__DUPLICATE_METHOD_MATCH = YES;
				"CODE_SIGN_IDENTITY[sdk=iphoneos*]" = "iPhone Developer";
				COPY_PHASE_STRIP = YES;
				ENABLE_NS_ASSERTIONS = NO;
				ENABLE_STRICT_OBJC_MSGSEND = YES;
				GCC_C_LANGUAGE_STANDARD = gnu99;
				GCC_WARN_64_TO_32_BIT_CONVERSION = YES;
				GCC_WARN_ABOUT_RETURN_TYPE = YES_ERROR;
				GCC_WARN_UNDECLARED_SELECTOR = YES;
				GCC_WARN_UNINITIALIZED_AUTOS = YES_AGGRESSIVE;
				GCC_WARN_UNUSED_FUNCTION = YES;
				GCC_WARN_UNUSED_VARIABLE = YES;
				IPHONEOS_DEPLOYMENT_TARGET = 8.1;
				MTL_ENABLE_DEBUG_INFO = NO;
				SDKROOT = iphoneos;
				TARGETED_DEVICE_FAMILY = "1,2";
				VALIDATE_PRODUCT = YES;
			};
			name = Release;
		};
		9D43B3BF1A81D9A8006B418C /* Debug */ = {
			isa = XCBuildConfiguration;
			baseConfigurationReference = 0F8FAF5AADD157CC60B24D4B /* Pods.debug.xcconfig */;
			buildSettings = {
				ASSETCATALOG_COMPILER_APPICON_NAME = AppIcon;
				CODE_SIGN_IDENTITY = "iPhone Developer";
				"CODE_SIGN_IDENTITY[sdk=iphoneos*]" = "iPhone Developer";
				INFOPLIST_FILE = WolverEats/Info.plist;
				LD_RUNPATH_SEARCH_PATHS = "$(inherited) @executable_path/Frameworks";
				PRODUCT_NAME = "$(TARGET_NAME)";
				PROVISIONING_PROFILE = "";
			};
			name = Debug;
		};
		9D43B3C01A81D9A8006B418C /* Release */ = {
			isa = XCBuildConfiguration;
			baseConfigurationReference = 652AE12EE088D4AD6105D138 /* Pods.release.xcconfig */;
			buildSettings = {
				ASSETCATALOG_COMPILER_APPICON_NAME = AppIcon;
				CODE_SIGN_IDENTITY = "iPhone Developer";
				"CODE_SIGN_IDENTITY[sdk=iphoneos*]" = "iPhone Developer";
				INFOPLIST_FILE = WolverEats/Info.plist;
				LD_RUNPATH_SEARCH_PATHS = "$(inherited) @executable_path/Frameworks";
				PRODUCT_NAME = "$(TARGET_NAME)";
				PROVISIONING_PROFILE = "";
			};
			name = Release;
		};
		9D43B3C21A81D9A8006B418C /* Debug */ = {
			isa = XCBuildConfiguration;
			buildSettings = {
				BUNDLE_LOADER = "$(TEST_HOST)";
				FRAMEWORK_SEARCH_PATHS = (
					"$(SDKROOT)/Developer/Library/Frameworks",
					"$(inherited)",
				);
				GCC_PREPROCESSOR_DEFINITIONS = (
					"DEBUG=1",
					"$(inherited)",
				);
				INFOPLIST_FILE = WolverEatsTests/Info.plist;
				LD_RUNPATH_SEARCH_PATHS = "$(inherited) @executable_path/Frameworks @loader_path/Frameworks";
				PRODUCT_NAME = "$(TARGET_NAME)";
				TEST_HOST = "$(BUILT_PRODUCTS_DIR)/WolverEats.app/WolverEats";
			};
			name = Debug;
		};
		9D43B3C31A81D9A8006B418C /* Release */ = {
			isa = XCBuildConfiguration;
			buildSettings = {
				BUNDLE_LOADER = "$(TEST_HOST)";
				FRAMEWORK_SEARCH_PATHS = (
					"$(SDKROOT)/Developer/Library/Frameworks",
					"$(inherited)",
				);
				INFOPLIST_FILE = WolverEatsTests/Info.plist;
				LD_RUNPATH_SEARCH_PATHS = "$(inherited) @executable_path/Frameworks @loader_path/Frameworks";
				PRODUCT_NAME = "$(TARGET_NAME)";
				TEST_HOST = "$(BUILT_PRODUCTS_DIR)/WolverEats.app/WolverEats";
			};
			name = Release;
		};
/* End XCBuildConfiguration section */

/* Begin XCConfigurationList section */
		9D43B3931A81D9A8006B418C /* Build configuration list for PBXProject "WolverEats" */ = {
			isa = XCConfigurationList;
			buildConfigurations = (
				9D43B3BC1A81D9A8006B418C /* Debug */,
				9D43B3BD1A81D9A8006B418C /* Release */,
			);
			defaultConfigurationIsVisible = 0;
			defaultConfigurationName = Release;
		};
		9D43B3BE1A81D9A8006B418C /* Build configuration list for PBXNativeTarget "WolverEats" */ = {
			isa = XCConfigurationList;
			buildConfigurations = (
				9D43B3BF1A81D9A8006B418C /* Debug */,
				9D43B3C01A81D9A8006B418C /* Release */,
			);
			defaultConfigurationIsVisible = 0;
			defaultConfigurationName = Release;
		};
		9D43B3C11A81D9A8006B418C /* Build configuration list for PBXNativeTarget "WolverEatsTests" */ = {
			isa = XCConfigurationList;
			buildConfigurations = (
				9D43B3C21A81D9A8006B418C /* Debug */,
				9D43B3C31A81D9A8006B418C /* Release */,
			);
			defaultConfigurationIsVisible = 0;
			defaultConfigurationName = Release;
		};
/* End XCConfigurationList section */
	};
	rootObject = 9D43B3901A81D9A8006B418C /* Project object */;
}
